
Microsoft Visual Studio Solution File, Format Version 12.00
# Visual Studio Version 17
VisualStudioVersion = 17.14.36121.58 d17.14
MinimumVisualStudioVersion = 10.0.40219.1
Project("{FAE04EC0-301F-11D3-BF4B-00C04F79EFBC}") = "which", "which.csproj", "{0CA7261F-405C-419E-9FD7-EDDBFED3B553}"
EndProject
Global
	GlobalSection(SolutionConfigurationPlatforms) = preSolution
		Debug|Any CPU = Debug|Any CPU
		Release|Any CPU = Release|Any CPU
	EndGlobalSection
	GlobalSection(ProjectConfigurationPlatforms) = postSolution
		{0CA7261F-405C-419E-9FD7-EDDBFED3B553}.Debug|Any CPU.ActiveCfg = Debug|Any CPU
		{0CA7261F-405C-419E-9FD7-EDDBFED3B553}.Debug|Any CPU.Build.0 = Debug|Any CPU
		{0CA7261F-405C-419E-9FD7-EDDBFED3B553}.Release|Any CPU.ActiveCfg = Release|Any CPU
		{0CA7261F-405C-419E-9FD7-EDDBFED3B553}.Release|Any CPU.Build.0 = Release|Any CPU
	EndGlobalSection
	GlobalSection(SolutionProperties) = preSolution
		HideSolutionNode = FALSE
	EndGlobalSection
	GlobalSection(ExtensibilityGlobals) = postSolution
		SolutionGuid = {F7622709-98A1-44E5-A2A2-6F896F8874AD}
	EndGlobalSection
EndGlobal
